// !$*UTF8*$!
{
	archiveVersion = 1;
	classes = {
	};
	objectVersion = 56;
	objects = {

/* Begin PBXBuildFile section */
		512576E22BD2C95E00D1AA9E /* AppDelegate.swift in Sources */ = {isa = PBXBuildFile; fileRef = 512576E12BD2C95E00D1AA9E /* AppDelegate.swift */; };
		512576E42BD2C95E00D1AA9E /* SceneDelegate.swift in Sources */ = {isa = PBXBuildFile; fileRef = 512576E32BD2C95E00D1AA9E /* SceneDelegate.swift */; };
		512576E62BD2C95E00D1AA9E /* ViewController.swift in Sources */ = {isa = PBXBuildFile; fileRef = 512576E52BD2C95E00D1AA9E /* ViewController.swift */; };
		512576E92BD2C95E00D1AA9E /* Base in Resources */ = {isa = PBXBuildFile; fileRef = 512576E82BD2C95E00D1AA9E /* Base */; };
		512576EC2BD2C95E00D1AA9E /* Notas_Diarias.xcdatamodeld in Sources */ = {isa = PBXBuildFile; fileRef = 512576EA2BD2C95E00D1AA9E /* Notas_Diarias.xcdatamodeld */; };
		512576EE2BD2C95F00D1AA9E /* Assets.xcassets in Resources */ = {isa = PBXBuildFile; fileRef = 512576ED2BD2C95F00D1AA9E /* Assets.xcassets */; };
		512576F12BD2C95F00D1AA9E /* Base in Resources */ = {isa = PBXBuildFile; fileRef = 512576F02BD2C95F00D1AA9E /* Base */; };
/* End PBXBuildFile section */

/* Begin PBXFileReference section */
		512576DE2BD2C95E00D1AA9E /* Notas Diarias.app */ = {isa = PBXFileReference; explicitFileType = wrapper.application; includeInIndex = 0; path = "Notas Diarias.app"; sourceTree = BUILT_PRODUCTS_DIR; };
		512576E12BD2C95E00D1AA9E /* AppDelegate.swift */ = {isa = PBXFileReference; lastKnownFileType = sourcecode.swift; path = AppDelegate.swift; sourceTree = "<group>"; };
		512576E32BD2C95E00D1AA9E /* SceneDelegate.swift */ = {isa = PBXFileReference; lastKnownFileType = sourcecode.swift; path = SceneDelegate.swift; sourceTree = "<group>"; };
		512576E52BD2C95E00D1AA9E /* ViewController.swift */ = {isa = PBXFileReference; lastKnownFileType = sourcecode.swift; path = ViewController.swift; sourceTree = "<group>"; };
		512576E82BD2C95E00D1AA9E /* Base */ = {isa = PBXFileReference; lastKnownFileType = file.storyboard; name = Base; path = Base.lproj/Main.storyboard; sourceTree = "<group>"; };
		512576EB2BD2C95E00D1AA9E /* Notas_Diarias.xcdatamodel */ = {isa = PBXFileReference; lastKnownFileType = wrapper.xcdatamodel; path = Notas_Diarias.xcdatamodel; sourceTree = "<group>"; };
		512576ED2BD2C95F00D1AA9E /* Assets.xcassets */ = {isa = PBXFileReference; lastKnownFileType = folder.assetcatalog; path = Assets.xcassets; sourceTree = "<group>"; };
		512576F02BD2C95F00D1AA9E /* Base */ = {isa = PBXFileReference; lastKnownFileType = file.storyboard; name = Base; path = Base.lproj/LaunchScreen.storyboard; sourceTree = "<group>"; };
		512576F22BD2C95F00D1AA9E /* Info.plist */ = {isa = PBXFileReference; lastKnownFileType = text.plist.xml; path = Info.plist; sourceTree = "<group>"; };
/* End PBXFileReference section */

/* Begin PBXFrameworksBuildPhase section */
		512576DB2BD2C95E00D1AA9E /* Frameworks */ = {
			isa = PBXFrameworksBuildPhase;
			buildActionMask = 2147483647;
			files = (
			);
			runOnlyForDeploymentPostprocessing = 0;
		};
/* End PBXFrameworksBuildPhase section */

/* Begin PBXGroup section */
		512576D52BD2C95E00D1AA9E = {
			isa = PBXGroup;
			children = (
				512576E02BD2C95E00D1AA9E /* Notas Diarias */,
				512576DF2BD2C95E00D1AA9E /* Products */,
			);
			sourceTree = "<group>";
		};
		512576DF2BD2C95E00D1AA9E /* Products */ = {
			isa = PBXGroup;
			children = (
				512576DE2BD2C95E00D1AA9E /* Notas Diarias.app */,
			);
			name = Products;
			sourceTree = "<group>";
		};
		512576E02BD2C95E00D1AA9E /* Notas Diarias */ = {
			isa = PBXGroup;
			children = (
				512576E12BD2C95E00D1AA9E /* AppDelegate.swift */,
				512576E32BD2C95E00D1AA9E /* SceneDelegate.swift */,
				512576E52BD2C95E00D1AA9E /* ViewController.swift */,
				512576E72BD2C95E00D1AA9E /* Main.storyboard */,
				512576ED2BD2C95F00D1AA9E /* Assets.xcassets */,
				512576EF2BD2C95F00D1AA9E /* LaunchScreen.storyboard */,
				512576F22BD2C95F00D1AA9E /* Info.plist */,
				512576EA2BD2C95E00D1AA9E /* Notas_Diarias.xcdatamodeld */,
			);
			path = "Notas Diarias";
			sourceTree = "<group>";
		};
/* End PBXGroup section */

/* Begin PBXNativeTarget section */
		512576DD2BD2C95E00D1AA9E /* Notas Diarias */ = {
			isa = PBXNativeTarget;
			buildConfigurationList = 512576F52BD2C95F00D1AA9E /* Build configuration list for PBXNativeTarget "Notas Diarias" */;
			buildPhases = (
				512576DA2BD2C95E00D1AA9E /* Sources */,
				512576DB2BD2C95E00D1AA9E /* Frameworks */,
				512576DC2BD2C95E00D1AA9E /* Resources */,
			);
			buildRules = (
			);
			dependencies = (
			);
			name = "Notas Diarias";
			productName = "Notas Diarias";
			productReference = 512576DE2BD2C95E00D1AA9E /* Notas Diarias.app */;
			productType = "com.apple.product-type.application";
		};
/* End PBXNativeTarget section */

/* Begin PBXProject section */
		512576D62BD2C95E00D1AA9E /* Project object */ = {
			isa = PBXProject;
			attributes = {
				BuildIndependentTargetsInParallel = 1;
				LastSwiftUpdateCheck = 1530;
				LastUpgradeCheck = 1530;
				TargetAttributes = {
					512576DD2BD2C95E00D1AA9E = {
						CreatedOnToolsVersion = 15.3;
					};
				};
			};
			buildConfigurationList = 512576D92BD2C95E00D1AA9E /* Build configuration list for PBXProject "Notas Diarias" */;
			compatibilityVersion = "Xcode 14.0";
			developmentRegion = en;
			hasScannedForEncodings = 0;
			knownRegions = (
				en,
				Base,
			);
			mainGroup = 512576D52BD2C95E00D1AA9E;
			productRefGroup = 512576DF2BD2C95E00D1AA9E /* Products */;
			projectDirPath = "";
			projectRoot = "";
			targets = (
				512576DD2BD2C95E00D1AA9E /* Notas Diarias */,
			);
		};
/* End PBXProject section */

/* Begin PBXResourcesBuildPhase section */
		512576DC2BD2C95E00D1AA9E /* Resources */ = {
			isa = PBXResourcesBuildPhase;
			buildActionMask = 2147483647;
			files = (
				512576EE2BD2C95F00D1AA9E /* Assets.xcassets in Resources */,
				512576F12BD2C95F00D1AA9E /* Base in Resources */,
				512576E92BD2C95E00D1AA9E /* Base in Resources */,
			);
			runOnlyForDeploymentPostprocessing = 0;
		};
/* End PBXResourcesBuildPhase section */

/* Begin PBXSourcesBuildPhase section */
		512576DA2BD2C95E00D1AA9E /* Sources */ = {
			isa = PBXSourcesBuildPhase;
			buildActionMask = 2147483647;
			files = (
				512576E62BD2C95E00D1AA9E /* ViewController.swift in Sources */,
				512576E22BD2C95E00D1AA9E /* AppDelegate.swift in Sources */,
				512576E42BD2C95E00D1AA9E /* SceneDelegate.swift in Sources */,
				512576EC2BD2C95E00D1AA9E /* Notas_Diarias.xcdatamodeld in Sources */,
			);
			runOnlyForDeploymentPostprocessing = 0;
		};
/* End PBXSourcesBuildPhase section */

/* Begin PBXVariantGroup section */
		512576E72BD2C95E00D1AA9E /* Main.storyboard */ = {
			isa = PBXVariantGroup;
			children = (
				512576E82BD2C95E00D1AA9E /* Base */,
			);
			name = Main.storyboard;
			sourceTree = "<group>";
		};
		512576EF2BD2C95F00D1AA9E /* LaunchScreen.storyboard */ = {
			isa = PBXVariantGroup;
			children = (
				512576F02BD2C95F00D1AA9E /* Base */,
			);
			name = LaunchScreen.storyboard;
			sourceTree = "<group>";
		};
/* End PBXVariantGroup section */

/* Begin XCBuildConfiguration section */
		512576F32BD2C95F00D1AA9E /* Debug */ = {
			isa = XCBuildConfiguration;
			buildSettings = {
				ALWAYS_SEARCH_USER_PATHS = NO;
				ASSETCATALOG_COMPILER_GENERATE_SWIFT_ASSET_SYMBOL_EXTENSIONS = YES;
				CLANG_ANALYZER_NONNULL = YES;
				CLANG_ANALYZER_NUMBER_OBJECT_CONVERSION = YES_AGGRESSIVE;
				CLANG_CXX_LANGUAGE_STANDARD = "gnu++20";
				CLANG_ENABLE_MODULES = YES;
				CLANG_ENABLE_OBJC_ARC = YES;
				CLANG_ENABLE_OBJC_WEAK = YES;
				CLANG_WARN_BLOCK_CAPTURE_AUTORELEASING = YES;
				CLANG_WARN_BOOL_CONVERSION = YES;
				CLANG_WARN_COMMA = YES;
				CLANG_WARN_CONSTANT_CONVERSION = YES;
				CLANG_WARN_DEPRECATED_OBJC_IMPLEMENTATIONS = YES;
				CLANG_WARN_DIRECT_OBJC_ISA_USAGE = YES_ERROR;
				CLANG_WARN_DOCUMENTATION_COMMENTS = YES;
				CLANG_WARN_EMPTY_BODY = YES;
				CLANG_WARN_ENUM_CONVERSION = YES;
				CLANG_WARN_INFINITE_RECURSION = YES;
				CLANG_WARN_INT_CONVERSION = YES;
				CLANG_WARN_NON_LITERAL_NULL_CONVERSION = YES;
				CLANG_WARN_OBJC_IMPLICIT_RETAIN_SELF = YES;
				CLANG_WARN_OBJC_LITERAL_CONVERSION = YES;
				CLANG_WARN_OBJC_ROOT_CLASS = YES_ERROR;
				CLANG_WARN_QUOTED_INCLUDE_IN_FRAMEWORK_HEADER = YES;
				CLANG_WARN_RANGE_LOOP_ANALYSIS = YES;
				CLANG_WARN_STRICT_PROTOTYPES = YES;
				CLANG_WARN_SUSPICIOUS_MOVE = YES;
				CLANG_WARN_UNGUARDED_AVAILABILITY = YES_AGGRESSIVE;
				CLANG_WARN_UNREACHABLE_CODE = YES;
				CLANG_WARN__DUPLICATE_METHOD_MATCH = YES;
				COPY_PHASE_STRIP = NO;
				DEBUG_INFORMATION_FORMAT = dwarf;
				ENABLE_STRICT_OBJC_MSGSEND = YES;
				ENABLE_TESTABILITY = YES;
				ENABLE_USER_SCRIPT_SANDBOXING = YES;
				GCC_C_LANGUAGE_STANDARD = gnu17;
				GCC_DYNAMIC_NO_PIC = NO;
				GCC_NO_COMMON_BLOCKS = YES;
				GCC_OPTIMIZATION_LEVEL = 0;
				GCC_PREPROCESSOR_DEFINITIONS = (
					"DEBUG=1",
					"$(inherited)",
				);
				GCC_WARN_64_TO_32_BIT_CONVERSION = YES;
				GCC_WARN_ABOUT_RETURN_TYPE = YES_ERROR;
				GCC_WARN_UNDECLARED_SELECTOR = YES;
				GCC_WARN_UNINITIALIZED_AUTOS = YES_AGGRESSIVE;
				GCC_WARN_UNUSED_FUNCTION = YES;
				GCC_WARN_UNUSED_VARIABLE = YES;
				IPHONEOS_DEPLOYMENT_TARGET = 17.4;
				LOCALIZATION_PREFERS_STRING_CATALOGS = YES;
				MTL_ENABLE_DEBUG_INFO = INCLUDE_SOURCE;
				MTL_FAST_MATH = YES;
				ONLY_ACTIVE_ARCH = YES;
				SDKROOT = iphoneos;
				SWIFT_ACTIVE_COMPILATION_CONDITIONS = "DEBUG $(inherited)";
				SWIFT_OPTIMIZATION_LEVEL = "-Onone";
			};
			name = Debug;
		};
		512576F42BD2C95F00D1AA9E /* Release */ = {
			isa = XCBuildConfiguration;
			buildSettings = {
				ALWAYS_SEARCH_USER_PATHS = NO;
				ASSETCATALOG_COMPILER_GENERATE_SWIFT_ASSET_SYMBOL_EXTENSIONS = YES;
				CLANG_ANALYZER_NONNULL = YES;
				CLANG_ANALYZER_NUMBER_OBJECT_CONVERSION = YES_AGGRESSIVE;
				CLANG_CXX_LANGUAGE_STANDARD = "gnu++20";
				CLANG_ENABLE_MODULES = YES;
				CLANG_ENABLE_OBJC_ARC = YES;
				CLANG_ENABLE_OBJC_WEAK = YES;
				CLANG_WARN_BLOCK_CAPTURE_AUTORELEASING = YES;
				CLANG_WARN_BOOL_CONVERSION = YES;
				CLANG_WARN_COMMA = YES;
				CLANG_WARN_CONSTANT_CONVERSION = YES;
				CLANG_WARN_DEPRECATED_OBJC_IMPLEMENTATIONS = YES;
				CLANG_WARN_DIRECT_OBJC_ISA_USAGE = YES_ERROR;
				CLANG_WARN_DOCUMENTATION_COMMENTS = YES;
				CLANG_WARN_EMPTY_BODY = YES;
				CLANG_WARN_ENUM_CONVERSION = YES;
				CLANG_WARN_INFINITE_RECURSION = YES;
				CLANG_WARN_INT_CONVERSION = YES;
				CLANG_WARN_NON_LITERAL_NULL_CONVERSION = YES;
				CLANG_WARN_OBJC_IMPLICIT_RETAIN_SELF = YES;
				CLANG_WARN_OBJC_LITERAL_CONVERSION = YES;
				CLANG_WARN_OBJC_ROOT_CLASS = YES_ERROR;
				CLANG_WARN_QUOTED_INCLUDE_IN_FRAMEWORK_HEADER = YES;
				CLANG_WARN_RANGE_LOOP_ANALYSIS = YES;
				CLANG_WARN_STRICT_PROTOTYPES = YES;
				CLANG_WARN_SUSPICIOUS_MOVE = YES;
				CLANG_WARN_UNGUARDED_AVAILABILITY = YES_AGGRESSIVE;
				CLANG_WARN_UNREACHABLE_CODE = YES;
				CLANG_WARN__DUPLICATE_METHOD_MATCH = YES;
				COPY_PHASE_STRIP = NO;
				DEBUG_INFORMATION_FORMAT = "dwarf-with-dsym";
				ENABLE_NS_ASSERTIONS = NO;
				ENABLE_STRICT_OBJC_MSGSEND = YES;
				ENABLE_USER_SCRIPT_SANDBOXING = YES;
				GCC_C_LANGUAGE_STANDARD = gnu17;
				GCC_NO_COMMON_BLOCKS = YES;
				GCC_WARN_64_TO_32_BIT_CONVERSION = YES;
				GCC_WARN_ABOUT_RETURN_TYPE = YES_ERROR;
				GCC_WARN_UNDECLARED_SELECTOR = YES;
				GCC_WARN_UNINITIALIZED_AUTOS = YES_AGGRESSIVE;
				GCC_WARN_UNUSED_FUNCTION = YES;
				GCC_WARN_UNUSED_VARIABLE = YES;
				IPHONEOS_DEPLOYMENT_TARGET = 17.4;
				LOCALIZATION_PREFERS_STRING_CATALOGS = YES;
				MTL_ENABLE_DEBUG_INFO = NO;
				MTL_FAST_MATH = YES;
				SDKROOT = iphoneos;
				SWIFT_COMPILATION_MODE = wholemodule;
				VALIDATE_PRODUCT = YES;
			};
			name = Release;
		};
		512576F62BD2C95F00D1AA9E /* Debug */ = {
			isa = XCBuildConfiguration;
			buildSettings = {
				ASSETCATALOG_COMPILER_APPICON_NAME = AppIcon;
				ASSETCATALOG_COMPILER_GLOBAL_ACCENT_COLOR_NAME = AccentColor;
				CODE_SIGN_STYLE = Automatic;
				CURRENT_PROJECT_VERSION = 1;
				DEVELOPMENT_TEAM = 2L6996ZKNR;
				GENERATE_INFOPLIST_FILE = YES;
				INFOPLIST_FILE = "Notas Diarias/Info.plist";
				INFOPLIST_KEY_UIApplicationSupportsIndirectInputEvents = YES;
				INFOPLIST_KEY_UILaunchStoryboardName = LaunchScreen;
				INFOPLIST_KEY_UIMainStoryboardFile = Main;
				INFOPLIST_KEY_UISupportedInterfaceOrientations_iPad = "UIInterfaceOrientationPortrait UIInterfaceOrientationPortraitUpsideDown UIInterfaceOrientationLandscapeLeft UIInterfaceOrientationLandscapeRight";
				INFOPLIST_KEY_UISupportedInterfaceOrientations_iPhone = "UIInterfaceOrientationPortrait UIInterfaceOrientationLandscapeLeft UIInterfaceOrientationLandscapeRight";
				LD_RUNPATH_SEARCH_PATHS = (
					"$(inherited)",
					"@executable_path/Frameworks",
				);
				MARKETING_VERSION = 1.0;
				PRODUCT_BUNDLE_IDENTIFIER = "br.com.kekoi.Notas-Diarias";
				PRODUCT_NAME = "$(TARGET_NAME)";
				SWIFT_EMIT_LOC_STRINGS = YES;
				SWIFT_VERSION = 5.0;
				TARGETED_DEVICE_FAMILY = "1,2";
			};
			name = Debug;
		};
		512576F72BD2C95F00D1AA9E /* Release */ = {
			isa = XCBuildConfiguration;
			buildSettings = {
				ASSETCATALOG_COMPILER_APPICON_NAME = AppIcon;
				ASSETCATALOG_COMPILER_GLOBAL_ACCENT_COLOR_NAME = AccentColor;
				CODE_SIGN_STYLE = Automatic;
				CURRENT_PROJECT_VERSION = 1;
				DEVELOPMENT_TEAM = 2L6996ZKNR;
				GENERATE_INFOPLIST_FILE = YES;
				INFOPLIST_FILE = "Notas Diarias/Info.plist";
				INFOPLIST_KEY_UIApplicationSupportsIndirectInputEvents = YES;
				INFOPLIST_KEY_UILaunchStoryboardName = LaunchScreen;
				INFOPLIST_KEY_UIMainStoryboardFile = Main;
				INFOPLIST_KEY_UISupportedInterfaceOrientations_iPad = "UIInterfaceOrientationPortrait UIInterfaceOrientationPortraitUpsideDown UIInterfaceOrientationLandscapeLeft UIInterfaceOrientationLandscapeRight";
				INFOPLIST_KEY_UISupportedInterfaceOrientations_iPhone = "UIInterfaceOrientationPortrait UIInterfaceOrientationLandscapeLeft UIInterfaceOrientationLandscapeRight";
				LD_RUNPATH_SEARCH_PATHS = (
					"$(inherited)",
					"@executable_path/Frameworks",
				);
				MARKETING_VERSION = 1.0;
				PRODUCT_BUNDLE_IDENTIFIER = "br.com.kekoi.Notas-Diarias";
				PRODUCT_NAME = "$(TARGET_NAME)";
				SWIFT_EMIT_LOC_STRINGS = YES;
				SWIFT_VERSION = 5.0;
				TARGETED_DEVICE_FAMILY = "1,2";
			};
			name = Release;
		};
/* End XCBuildConfiguration section */

/* Begin XCConfigurationList section */
		512576D92BD2C95E00D1AA9E /* Build configuration list for PBXProject "Notas Diarias" */ = {
			isa = XCConfigurationList;
			buildConfigurations = (
				512576F32BD2C95F00D1AA9E /* Debug */,
				512576F42BD2C95F00D1AA9E /* Release */,
			);
			defaultConfigurationIsVisible = 0;
			defaultConfigurationName = Release;
		};
		512576F52BD2C95F00D1AA9E /* Build configuration list for PBXNativeTarget "Notas Diarias" */ = {
			isa = XCConfigurationList;
			buildConfigurations = (
				512576F62BD2C95F00D1AA9E /* Debug */,
				512576F72BD2C95F00D1AA9E /* Release */,
			);
			defaultConfigurationIsVisible = 0;
			defaultConfigurationName = Release;
		};
/* End XCConfigurationList section */

/* Begin XCVersionGroup section */
		512576EA2BD2C95E00D1AA9E /* Notas_Diarias.xcdatamodeld */ = {
			isa = XCVersionGroup;
			children = (
				512576EB2BD2C95E00D1AA9E /* Notas_Diarias.xcdatamodel */,
			);
			currentVersion = 512576EB2BD2C95E00D1AA9E /* Notas_Diarias.xcdatamodel */;
			path = Notas_Diarias.xcdatamodeld;
			sourceTree = "<group>";
			versionGroupType = wrapper.xcdatamodel;
		};
/* End XCVersionGroup section */
	};
	rootObject = 512576D62BD2C95E00D1AA9E /* Project object */;
}
